// !$*UTF8*$!
{
	archiveVersion = 1;
	classes = {
	};
	objectVersion = 46;
	objects = {

/* Begin PBXBuildFile section */
		1F3613041DCC92D80046538A /* background@2x.png in Resources */ = {isa = PBXBuildFile; fileRef = 1F3612FC1DCC92D80046538A /* background@2x.png */; };
		1F3613051DCC92D80046538A /* background@3x.png in Resources */ = {isa = PBXBuildFile; fileRef = 1F3612FD1DCC92D80046538A /* background@3x.png */; };
		1F3613061DCC92D80046538A /* noBG@2x.png in Resources */ = {isa = PBXBuildFile; fileRef = 1F3612FE1DCC92D80046538A /* noBG@2x.png */; };
		1F3613071DCC92D80046538A /* noBG@3x.png in Resources */ = {isa = PBXBuildFile; fileRef = 1F3612FF1DCC92D80046538A /* noBG@3x.png */; };
		1F3613081DCC92D80046538A /* profileBG@2x.png in Resources */ = {isa = PBXBuildFile; fileRef = 1F3613001DCC92D80046538A /* profileBG@2x.png */; };
		1F3613091DCC92D80046538A /* profileBG@3x.png in Resources */ = {isa = PBXBuildFile; fileRef = 1F3613011DCC92D80046538A /* profileBG@3x.png */; };
		1F36130A1DCC92D80046538A /* yesBG@2x.png in Resources */ = {isa = PBXBuildFile; fileRef = 1F3613021DCC92D80046538A /* yesBG@2x.png */; };
		1F36130B1DCC92D80046538A /* yesBG@3x.png in Resources */ = {isa = PBXBuildFile; fileRef = 1F3613031DCC92D80046538A /* yesBG@3x.png */; };
		1F6341A81DCC3B4B00D99FA5 /* main.m in Sources */ = {isa = PBXBuildFile; fileRef = 1F6341A71DCC3B4B00D99FA5 /* main.m */; };
		1F6341AB1DCC3B4B00D99FA5 /* AppDelegate.m in Sources */ = {isa = PBXBuildFile; fileRef = 1F6341AA1DCC3B4B00D99FA5 /* AppDelegate.m */; };
		1F6341AE1DCC3B4B00D99FA5 /* ViewController.m in Sources */ = {isa = PBXBuildFile; fileRef = 1F6341AD1DCC3B4B00D99FA5 /* ViewController.m */; };
		1F6341B11DCC3B4B00D99FA5 /* Main.storyboard in Resources */ = {isa = PBXBuildFile; fileRef = 1F6341AF1DCC3B4B00D99FA5 /* Main.storyboard */; };
		1F6341B31DCC3B4B00D99FA5 /* Assets.xcassets in Resources */ = {isa = PBXBuildFile; fileRef = 1F6341B21DCC3B4B00D99FA5 /* Assets.xcassets */; };
		1F6341B61DCC3B4B00D99FA5 /* LaunchScreen.storyboard in Resources */ = {isa = PBXBuildFile; fileRef = 1F6341B41DCC3B4B00D99FA5 /* LaunchScreen.storyboard */; };
		1F6341BF1DCC3B5500D99FA5 /* HYScratchCardView.m in Sources */ = {isa = PBXBuildFile; fileRef = 1F6341BE1DCC3B5500D99FA5 /* HYScratchCardView.m */; };
/* End PBXBuildFile section */

/* Begin PBXFileReference section */
		1F3612FC1DCC92D80046538A /* background@2x.png */ = {isa = PBXFileReference; lastKnownFileType = image.png; path = "background@2x.png"; sourceTree = "<group>"; };
		1F3612FD1DCC92D80046538A /* background@3x.png */ = {isa = PBXFileReference; lastKnownFileType = image.png; path = "background@3x.png"; sourceTree = "<group>"; };
		1F3612FE1DCC92D80046538A /* noBG@2x.png */ = {isa = PBXFileReference; lastKnownFileType = image.png; path = "noBG@2x.png"; sourceTree = "<group>"; };
		1F3612FF1DCC92D80046538A /* noBG@3x.png */ = {isa = PBXFileReference; lastKnownFileType = image.png; path = "noBG@3x.png"; sourceTree = "<group>"; };
		1F3613001DCC92D80046538A /* profileBG@2x.png */ = {isa = PBXFileReference; lastKnownFileType = image.png; path = "profileBG@2x.png"; sourceTree = "<group>"; };
		1F3613011DCC92D80046538A /* profileBG@3x.png */ = {isa = PBXFileReference; lastKnownFileType = image.png; path = "profileBG@3x.png"; sourceTree = "<group>"; };
		1F3613021DCC92D80046538A /* yesBG@2x.png */ = {isa = PBXFileReference; lastKnownFileType = image.png; path = "yesBG@2x.png"; sourceTree = "<group>"; };
		1F3613031DCC92D80046538A /* yesBG@3x.png */ = {isa = PBXFileReference; lastKnownFileType = image.png; path = "yesBG@3x.png"; sourceTree = "<group>"; };
		1F6341A31DCC3B4B00D99FA5 /* guaguajiang.app */ = {isa = PBXFileReference; explicitFileType = wrapper.application; includeInIndex = 0; path = guaguajiang.app; sourceTree = BUILT_PRODUCTS_DIR; };
		1F6341A71DCC3B4B00D99FA5 /* main.m */ = {isa = PBXFileReference; lastKnownFileType = sourcecode.c.objc; path = main.m; sourceTree = "<group>"; };
		1F6341A91DCC3B4B00D99FA5 /* AppDelegate.h */ = {isa = PBXFileReference; lastKnownFileType = sourcecode.c.h; path = AppDelegate.h; sourceTree = "<group>"; };
		1F6341AA1DCC3B4B00D99FA5 /* AppDelegate.m */ = {isa = PBXFileReference; lastKnownFileType = sourcecode.c.objc; path = AppDelegate.m; sourceTree = "<group>"; };
		1F6341AC1DCC3B4B00D99FA5 /* ViewController.h */ = {isa = PBXFileReference; lastKnownFileType = sourcecode.c.h; path = ViewController.h; sourceTree = "<group>"; };
		1F6341AD1DCC3B4B00D99FA5 /* ViewController.m */ = {isa = PBXFileReference; lastKnownFileType = sourcecode.c.objc; path = ViewController.m; sourceTree = "<group>"; };
		1F6341B01DCC3B4B00D99FA5 /* Base */ = {isa = PBXFileReference; lastKnownFileType = file.storyboard; name = Base; path = Base.lproj/Main.storyboard; sourceTree = "<group>"; };
		1F6341B21DCC3B4B00D99FA5 /* Assets.xcassets */ = {isa = PBXFileReference; lastKnownFileType = folder.assetcatalog; path = Assets.xcassets; sourceTree = "<group>"; };
		1F6341B51DCC3B4B00D99FA5 /* Base */ = {isa = PBXFileReference; lastKnownFileType = file.storyboard; name = Base; path = Base.lproj/LaunchScreen.storyboard; sourceTree = "<group>"; };
		1F6341B71DCC3B4B00D99FA5 /* Info.plist */ = {isa = PBXFileReference; lastKnownFileType = text.plist.xml; path = Info.plist; sourceTree = "<group>"; };
		1F6341BD1DCC3B5500D99FA5 /* HYScratchCardView.h */ = {isa = PBXFileReference; fileEncoding = 4; lastKnownFileType = sourcecode.c.h; path = HYScratchCardView.h; sourceTree = "<group>"; };
		1F6341BE1DCC3B5500D99FA5 /* HYScratchCardView.m */ = {isa = PBXFileReference; fileEncoding = 4; lastKnownFileType = sourcecode.c.objc; path = HYScratchCardView.m; sourceTree = "<group>"; };
/* End PBXFileReference section */

/* Begin PBXFrameworksBuildPhase section */
		1F6341A01DCC3B4B00D99FA5 /* Frameworks */ = {
			isa = PBXFrameworksBuildPhase;
			buildActionMask = 2147483647;
			files = (
			);
			runOnlyForDeploymentPostprocessing = 0;
		};
/* End PBXFrameworksBuildPhase section */

/* Begin PBXGroup section */
		1F3612FB1DCC92D80046538A /* resourse */ = {
			isa = PBXGroup;
			children = (
				1F3612FC1DCC92D80046538A /* background@2x.png */,
				1F3612FD1DCC92D80046538A /* background@3x.png */,
				1F3612FE1DCC92D80046538A /* noBG@2x.png */,
				1F3612FF1DCC92D80046538A /* noBG@3x.png */,
				1F3613001DCC92D80046538A /* profileBG@2x.png */,
				1F3613011DCC92D80046538A /* profileBG@3x.png */,
				1F3613021DCC92D80046538A /* yesBG@2x.png */,
				1F3613031DCC92D80046538A /* yesBG@3x.png */,
			);
			path = resourse;
			sourceTree = "<group>";
		};
		1F63419A1DCC3B4B00D99FA5 = {
			isa = PBXGroup;
			children = (
				1F6341A51DCC3B4B00D99FA5 /* guaguajiang */,
				1F6341A41DCC3B4B00D99FA5 /* Products */,
			);
			sourceTree = "<group>";
		};
		1F6341A41DCC3B4B00D99FA5 /* Products */ = {
			isa = PBXGroup;
			children = (
				1F6341A31DCC3B4B00D99FA5 /* guaguajiang.app */,
			);
			name = Products;
			sourceTree = "<group>";
		};
		1F6341A51DCC3B4B00D99FA5 /* guaguajiang */ = {
			isa = PBXGroup;
			children = (
				1F6341A91DCC3B4B00D99FA5 /* AppDelegate.h */,
				1F6341AA1DCC3B4B00D99FA5 /* AppDelegate.m */,
				1F6341BD1DCC3B5500D99FA5 /* HYScratchCardView.h */,
				1F6341BE1DCC3B5500D99FA5 /* HYScratchCardView.m */,
				1F6341AC1DCC3B4B00D99FA5 /* ViewController.h */,
				1F6341AD1DCC3B4B00D99FA5 /* ViewController.m */,
				1F6341AF1DCC3B4B00D99FA5 /* Main.storyboard */,
				1F6341B21DCC3B4B00D99FA5 /* Assets.xcassets */,
				1F6341B41DCC3B4B00D99FA5 /* LaunchScreen.storyboard */,
				1F6341B71DCC3B4B00D99FA5 /* Info.plist */,
				1F3612FB1DCC92D80046538A /* resourse */,
				1F6341A61DCC3B4B00D99FA5 /* Supporting Files */,
			);
			path = guaguajiang;
			sourceTree = "<group>";
		};
		1F6341A61DCC3B4B00D99FA5 /* Supporting Files */ = {
			isa = PBXGroup;
			children = (
				1F6341A71DCC3B4B00D99FA5 /* main.m */,
			);
			name = "Supporting Files";
			sourceTree = "<group>";
		};
/* End PBXGroup section */

/* Begin PBXNativeTarget section */
		1F6341A21DCC3B4B00D99FA5 /* guaguajiang */ = {
			isa = PBXNativeTarget;
			buildConfigurationList = 1F6341BA1DCC3B4B00D99FA5 /* Build configuration list for PBXNativeTarget "guaguajiang" */;
			buildPhases = (
				1F63419F1DCC3B4B00D99FA5 /* Sources */,
				1F6341A01DCC3B4B00D99FA5 /* Frameworks */,
				1F6341A11DCC3B4B00D99FA5 /* Resources */,
			);
			buildRules = (
			);
			dependencies = (
			);
			name = guaguajiang;
			productName = guaguajiang;
			productReference = 1F6341A31DCC3B4B00D99FA5 /* guaguajiang.app */;
			productType = "com.apple.product-type.application";
		};
/* End PBXNativeTarget section */

/* Begin PBXProject section */
		1F63419B1DCC3B4B00D99FA5 /* Project object */ = {
			isa = PBXProject;
			attributes = {
				LastUpgradeCheck = 0810;
				ORGANIZATIONNAME = justinjing;
				TargetAttributes = {
					1F6341A21DCC3B4B00D99FA5 = {
						CreatedOnToolsVersion = 8.1;
						ProvisioningStyle = Automatic;
					};
				};
			};
			buildConfigurationList = 1F63419E1DCC3B4B00D99FA5 /* Build configuration list for PBXProject "guaguajiang" */;
			compatibilityVersion = "Xcode 3.2";
			developmentRegion = English;
			hasScannedForEncodings = 0;
			knownRegions = (
				en,
				Base,
			);
			mainGroup = 1F63419A1DCC3B4B00D99FA5;
			productRefGroup = 1F6341A41DCC3B4B00D99FA5 /* Products */;
			projectDirPath = "";
			projectRoot = "";
			targets = (
				1F6341A21DCC3B4B00D99FA5 /* guaguajiang */,
			);
		};
/* End PBXProject section */

/* Begin PBXResourcesBuildPhase section */
		1F6341A11DCC3B4B00D99FA5 /* Resources */ = {
			isa = PBXResourcesBuildPhase;
			buildActionMask = 2147483647;
			files = (
				1F3613061DCC92D80046538A /* noBG@2x.png in Resources */,
				1F3613091DCC92D80046538A /* profileBG@3x.png in Resources */,
				1F6341B61DCC3B4B00D99FA5 /* LaunchScreen.storyboard in Resources */,
				1F6341B31DCC3B4B00D99FA5 /* Assets.xcassets in Resources */,
				1F3613041DCC92D80046538A /* background@2x.png in Resources */,
				1F3613071DCC92D80046538A /* noBG@3x.png in Resources */,
				1F36130B1DCC92D80046538A /* yesBG@3x.png in Resources */,
				1F3613051DCC92D80046538A /* background@3x.png in Resources */,
				1F36130A1DCC92D80046538A /* yesBG@2x.png in Resources */,
				1F6341B11DCC3B4B00D99FA5 /* Main.storyboard in Resources */,
				1F3613081DCC92D80046538A /* profileBG@2x.png in Resources */,
			);
			runOnlyForDeploymentPostprocessing = 0;
		};
/* End PBXResourcesBuildPhase section */

/* Begin PBXSourcesBuildPhase section */
		1F63419F1DCC3B4B00D99FA5 /* Sources */ = {
			isa = PBXSourcesBuildPhase;
			buildActionMask = 2147483647;
			files = (
				1F6341BF1DCC3B5500D99FA5 /* HYScratchCardView.m in Sources */,
				1F6341AE1DCC3B4B00D99FA5 /* ViewController.m in Sources */,
				1F6341AB1DCC3B4B00D99FA5 /* AppDelegate.m in Sources */,
				1F6341A81DCC3B4B00D99FA5 /* main.m in Sources */,
			);
			runOnlyForDeploymentPostprocessing = 0;
		};
/* End PBXSourcesBuildPhase section */

/* Begin PBXVariantGroup section */
		1F6341AF1DCC3B4B00D99FA5 /* Main.storyboard */ = {
			isa = PBXVariantGroup;
			children = (
				1F6341B01DCC3B4B00D99FA5 /* Base */,
			);
			name = Main.storyboard;
			sourceTree = "<group>";
		};
		1F6341B41DCC3B4B00D99FA5 /* LaunchScreen.storyboard */ = {
			isa = PBXVariantGroup;
			children = (
				1F6341B51DCC3B4B00D99FA5 /* Base */,
			);
			name = LaunchScreen.storyboard;
			sourceTree = "<group>";
		};
/* End PBXVariantGroup section */

/* Begin XCBuildConfiguration section */
		1F6341B81DCC3B4B00D99FA5 /* Debug */ = {
			isa = XCBuildConfiguration;
			buildSettings = {
				ALWAYS_SEARCH_USER_PATHS = NO;
				CLANG_ANALYZER_NONNULL = YES;
				CLANG_CXX_LANGUAGE_STANDARD = "gnu++0x";
				CLANG_CXX_LIBRARY = "libc++";
				CLANG_ENABLE_MODULES = YES;
				CLANG_ENABLE_OBJC_ARC = YES;
				CLANG_WARN_BOOL_CONVERSION = YES;
				CLANG_WARN_CONSTANT_CONVERSION = YES;
				CLANG_WARN_DIRECT_OBJC_ISA_USAGE = YES_ERROR;
				CLANG_WARN_DOCUMENTATION_COMMENTS = YES;
				CLANG_WARN_EMPTY_BODY = YES;
				CLANG_WARN_ENUM_CONVERSION = YES;
				CLANG_WARN_INFINITE_RECURSION = YES;
				CLANG_WARN_INT_CONVERSION = YES;
				CLANG_WARN_OBJC_ROOT_CLASS = YES_ERROR;
				CLANG_WARN_SUSPICIOUS_MOVES = YES;
				CLANG_WARN_UNREACHABLE_CODE = YES;
				CLANG_WARN__DUPLICATE_METHOD_MATCH = YES;
				"CODE_SIGN_IDENTITY[sdk=iphoneos*]" = "iPhone Developer";
				COPY_PHASE_STRIP = NO;
				DEBUG_INFORMATION_FORMAT = dwarf;
				ENABLE_STRICT_OBJC_MSGSEND = YES;
				ENABLE_TESTABILITY = YES;
				GCC_C_LANGUAGE_STANDARD = gnu99;
				GCC_DYNAMIC_NO_PIC = NO;
				GCC_NO_COMMON_BLOCKS = YES;
				GCC_OPTIMIZATION_LEVEL = 0;
				GCC_PREPROCESSOR_DEFINITIONS = (
					"DEBUG=1",
					"$(inherited)",
				);
				GCC_WARN_64_TO_32_BIT_CONVERSION = YES;
				GCC_WARN_ABOUT_RETURN_TYPE = YES_ERROR;
				GCC_WARN_UNDECLARED_SELECTOR = YES;
				GCC_WARN_UNINITIALIZED_AUTOS = YES_AGGRESSIVE;
				GCC_WARN_UNUSED_FUNCTION = YES;
				GCC_WARN_UNUSED_VARIABLE = YES;
				IPHONEOS_DEPLOYMENT_TARGET = 10.1;
				MTL_ENABLE_DEBUG_INFO = YES;
				ONLY_ACTIVE_ARCH = YES;
				SDKROOT = iphoneos;
			};
			name = Debug;
		};
		1F6341B91DCC3B4B00D99FA5 /* Release */ = {
			isa = XCBuildConfiguration;
			buildSettings = {
				ALWAYS_SEARCH_USER_PATHS = NO;
				CLANG_ANALYZER_NONNULL = YES;
				CLANG_CXX_LANGUAGE_STANDARD = "gnu++0x";
				CLANG_CXX_LIBRARY = "libc++";
				CLANG_ENABLE_MODULES = YES;
				CLANG_ENABLE_OBJC_ARC = YES;
				CLANG_WARN_BOOL_CONVERSION = YES;
				CLANG_WARN_CONSTANT_CONVERSION = YES;
				CLANG_WARN_DIRECT_OBJC_ISA_USAGE = YES_ERROR;
				CLANG_WARN_DOCUMENTATION_COMMENTS = YES;
				CLANG_WARN_EMPTY_BODY = YES;
				CLANG_WARN_ENUM_CONVERSION = YES;
				CLANG_WARN_INFINITE_RECURSION = YES;
				CLANG_WARN_INT_CONVERSION = YES;
				CLANG_WARN_OBJC_ROOT_CLASS = YES_ERROR;
				CLANG_WARN_SUSPICIOUS_MOVES = YES;
				CLANG_WARN_UNREACHABLE_CODE = YES;
				CLANG_WARN__DUPLICATE_METHOD_MATCH = YES;
				"CODE_SIGN_IDENTITY[sdk=iphoneos*]" = "iPhone Developer";
				COPY_PHASE_STRIP = NO;
				DEBUG_INFORMATION_FORMAT = "dwarf-with-dsym";
				ENABLE_NS_ASSERTIONS = NO;
				ENABLE_STRICT_OBJC_MSGSEND = YES;
				GCC_C_LANGUAGE_STANDARD = gnu99;
				GCC_NO_COMMON_BLOCKS = YES;
				GCC_WARN_64_TO_32_BIT_CONVERSION = YES;
				GCC_WARN_ABOUT_RETURN_TYPE = YES_ERROR;
				GCC_WARN_UNDECLARED_SELECTOR = YES;
				GCC_WARN_UNINITIALIZED_AUTOS = YES_AGGRESSIVE;
				GCC_WARN_UNUSED_FUNCTION = YES;
				GCC_WARN_UNUSED_VARIABLE = YES;
				IPHONEOS_DEPLOYMENT_TARGET = 10.1;
				MTL_ENABLE_DEBUG_INFO = NO;
				SDKROOT = iphoneos;
				VALIDATE_PRODUCT = YES;
			};
			name = Release;
		};
		1F6341BB1DCC3B4B00D99FA5 /* Debug */ = {
			isa = XCBuildConfiguration;
			buildSettings = {
				ASSETCATALOG_COMPILER_APPICON_NAME = AppIcon;
				INFOPLIST_FILE = guaguajiang/Info.plist;
				IPHONEOS_DEPLOYMENT_TARGET = 8.0;
				LD_RUNPATH_SEARCH_PATHS = "$(inherited) @executable_path/Frameworks";
				PRODUCT_BUNDLE_IDENTIFIER = "com.alibaba-inc.com.guaguajiang";
				PRODUCT_NAME = "$(TARGET_NAME)";
			};
			name = Debug;
		};
		1F6341BC1DCC3B4B00D99FA5 /* Release */ = {
			isa = XCBuildConfiguration;
			buildSettings = {
				ASSETCATALOG_COMPILER_APPICON_NAME = AppIcon;
				INFOPLIST_FILE = guaguajiang/Info.plist;
				IPHONEOS_DEPLOYMENT_TARGET = 8.0;
				LD_RUNPATH_SEARCH_PATHS = "$(inherited) @executable_path/Frameworks";
				PRODUCT_BUNDLE_IDENTIFIER = "com.alibaba-inc.com.guaguajiang";
				PRODUCT_NAME = "$(TARGET_NAME)";
			};
			name = Release;
		};
/* End XCBuildConfiguration section */

/* Begin XCConfigurationList section */
		1F63419E1DCC3B4B00D99FA5 /* Build configuration list for PBXProject "guaguajiang" */ = {
			isa = XCConfigurationList;
			buildConfigurations = (
				1F6341B81DCC3B4B00D99FA5 /* Debug */,
				1F6341B91DCC3B4B00D99FA5 /* Release */,
			);
			defaultConfigurationIsVisible = 0;
			defaultConfigurationName = Release;
		};
		1F6341BA1DCC3B4B00D99FA5 /* Build configuration list for PBXNativeTarget "guaguajiang" */ = {
			isa = XCConfigurationList;
			buildConfigurations = (
				1F6341BB1DCC3B4B00D99FA5 /* Debug */,
				1F6341BC1DCC3B4B00D99FA5 /* Release */,
			);
			defaultConfigurationIsVisible = 0;
			defaultConfigurationName = Release;
		};
/* End XCConfigurationList section */
	};
	rootObject = 1F63419B1DCC3B4B00D99FA5 /* Project object */;
}
